
Microsoft Visual Studio Solution File, Format Version 12.00
# Visual Studio Version 17
VisualStudioVersion = 17.4.33213.308
MinimumVisualStudioVersion = 10.0.40219.1
Project("{FAE04EC0-301F-11D3-BF4B-00C04F79EFBC}") = "WindowsFormsApp7", "WindowsFormsApp7\WindowsFormsApp7.csproj", "{EE579C3B-2B04-47F4-AB03-B33DB6AFFBC7}"
EndProject
Project("{2150E333-8FDC-42A3-9474-1A3956D46DE8}") = "Solution Items", "Solution Items", "{83F0890D-B9F8-485C-A3A3-9173E4B53F5D}"
	ProjectSection(SolutionItems) = preProject
		WindowsFormsApp7\App.config = WindowsFormsApp7\App.config
		Class1.cs = Class1.cs
		WindowsFormsApp7\bin\Debug\WindowsFormsApp7.exe.config = WindowsFormsApp7\bin\Debug\WindowsFormsApp7.exe.config
		XMLFile1.xml = XMLFile1.xml
	EndProjectSection
EndProject
Global
	GlobalSection(SolutionConfigurationPlatforms) = preSolution
		Debug|Any CPU = Debug|Any CPU
		Release|Any CPU = Release|Any CPU
	EndGlobalSection
	GlobalSection(ProjectConfigurationPlatforms) = postSolution
		{EE579C3B-2B04-47F4-AB03-B33DB6AFFBC7}.Debug|Any CPU.ActiveCfg = Debug|Any CPU
		{EE579C3B-2B04-47F4-AB03-B33DB6AFFBC7}.Debug|Any CPU.Build.0 = Debug|Any CPU
		{EE579C3B-2B04-47F4-AB03-B33DB6AFFBC7}.Release|Any CPU.ActiveCfg = Release|Any CPU
		{EE579C3B-2B04-47F4-AB03-B33DB6AFFBC7}.Release|Any CPU.Build.0 = Release|Any CPU
	EndGlobalSection
	GlobalSection(SolutionProperties) = preSolution
		HideSolutionNode = FALSE
	EndGlobalSection
	GlobalSection(ExtensibilityGlobals) = postSolution
		SolutionGuid = {096B0969-3C9C-445E-A243-994DD12425DC}
	EndGlobalSection
EndGlobal
